
Microsoft Visual Studio Solution File, Format Version 12.00
# Visual Studio 2015
Project("{FAE04EC0-301F-11D3-BF4B-00C04F79EFBC}") = "memedieval", "memedieval.csproj", "{D52F1272-3C9A-F87E-6381-17C50397C063}"
EndProject
Project("{FAE04EC0-301F-11D3-BF4B-00C04F79EFBC}") = "memedieval.Plugins", "memedieval.Plugins.csproj", "{47F24F10-8E4F-C9CA-6371-AEDA0CC7CDF4}"
EndProject
Project("{FAE04EC0-301F-11D3-BF4B-00C04F79EFBC}") = "memedieval.Editor.Plugins", "memedieval.Editor.Plugins.csproj", "{22304D39-7073-E3CC-38D1-78D0FBC803FF}"
EndProject
Global
	GlobalSection(SolutionConfigurationPlatforms) = preSolution
		Debug|Any CPU = Debug|Any CPU
		Release|Any CPU = Release|Any CPU
	EndGlobalSection
	GlobalSection(ProjectConfigurationPlatforms) = postSolution
		{D52F1272-3C9A-F87E-6381-17C50397C063}.Debug|Any CPU.ActiveCfg = Debug|Any CPU
		{D52F1272-3C9A-F87E-6381-17C50397C063}.Debug|Any CPU.Build.0 = Debug|Any CPU
		{D52F1272-3C9A-F87E-6381-17C50397C063}.Release|Any CPU.ActiveCfg = Release|Any CPU
		{D52F1272-3C9A-F87E-6381-17C50397C063}.Release|Any CPU.Build.0 = Release|Any CPU
		{47F24F10-8E4F-C9CA-6371-AEDA0CC7CDF4}.Debug|Any CPU.ActiveCfg = Debug|Any CPU
		{47F24F10-8E4F-C9CA-6371-AEDA0CC7CDF4}.Debug|Any CPU.Build.0 = Debug|Any CPU
		{47F24F10-8E4F-C9CA-6371-AEDA0CC7CDF4}.Release|Any CPU.ActiveCfg = Release|Any CPU
		{47F24F10-8E4F-C9CA-6371-AEDA0CC7CDF4}.Release|Any CPU.Build.0 = Release|Any CPU
		{22304D39-7073-E3CC-38D1-78D0FBC803FF}.Debug|Any CPU.ActiveCfg = Debug|Any CPU
		{22304D39-7073-E3CC-38D1-78D0FBC803FF}.Debug|Any CPU.Build.0 = Debug|Any CPU
		{22304D39-7073-E3CC-38D1-78D0FBC803FF}.Release|Any CPU.ActiveCfg = Release|Any CPU
		{22304D39-7073-E3CC-38D1-78D0FBC803FF}.Release|Any CPU.Build.0 = Release|Any CPU
	EndGlobalSection
	GlobalSection(SolutionProperties) = preSolution
		HideSolutionNode = FALSE
	EndGlobalSection
EndGlobal
