
Microsoft Visual Studio Solution File, Format Version 12.00
# Visual Studio 2015
Project("{FAE04EC0-301F-11D3-BF4B-00C04F79EFBC}") = "MeMedieval.CSharp", "MeMedieval.CSharp.csproj", "{3E324681-2FE1-C93E-A226-0E61E161BC0F}"
EndProject
Project("{FAE04EC0-301F-11D3-BF4B-00C04F79EFBC}") = "MeMedieval.CSharp.Plugins", "MeMedieval.CSharp.Plugins.csproj", "{8B8BB009-EC11-2411-76BC-E4F77C242375}"
EndProject
Project("{FAE04EC0-301F-11D3-BF4B-00C04F79EFBC}") = "MeMedieval.CSharp.Editor.Plugins", "MeMedieval.CSharp.Editor.Plugins.csproj", "{493B91EC-8D9C-5A16-1334-4A146A2D6E77}"
EndProject
Global
	GlobalSection(SolutionConfigurationPlatforms) = preSolution
		Debug|Any CPU = Debug|Any CPU
		Release|Any CPU = Release|Any CPU
	EndGlobalSection
	GlobalSection(ProjectConfigurationPlatforms) = postSolution
		{3E324681-2FE1-C93E-A226-0E61E161BC0F}.Debug|Any CPU.ActiveCfg = Debug|Any CPU
		{3E324681-2FE1-C93E-A226-0E61E161BC0F}.Debug|Any CPU.Build.0 = Debug|Any CPU
		{3E324681-2FE1-C93E-A226-0E61E161BC0F}.Release|Any CPU.ActiveCfg = Release|Any CPU
		{3E324681-2FE1-C93E-A226-0E61E161BC0F}.Release|Any CPU.Build.0 = Release|Any CPU
		{8B8BB009-EC11-2411-76BC-E4F77C242375}.Debug|Any CPU.ActiveCfg = Debug|Any CPU
		{8B8BB009-EC11-2411-76BC-E4F77C242375}.Debug|Any CPU.Build.0 = Debug|Any CPU
		{8B8BB009-EC11-2411-76BC-E4F77C242375}.Release|Any CPU.ActiveCfg = Release|Any CPU
		{8B8BB009-EC11-2411-76BC-E4F77C242375}.Release|Any CPU.Build.0 = Release|Any CPU
		{493B91EC-8D9C-5A16-1334-4A146A2D6E77}.Debug|Any CPU.ActiveCfg = Debug|Any CPU
		{493B91EC-8D9C-5A16-1334-4A146A2D6E77}.Debug|Any CPU.Build.0 = Debug|Any CPU
		{493B91EC-8D9C-5A16-1334-4A146A2D6E77}.Release|Any CPU.ActiveCfg = Release|Any CPU
		{493B91EC-8D9C-5A16-1334-4A146A2D6E77}.Release|Any CPU.Build.0 = Release|Any CPU
	EndGlobalSection
	GlobalSection(SolutionProperties) = preSolution
		HideSolutionNode = FALSE
	EndGlobalSection
EndGlobal
