
Microsoft Visual Studio Solution File, Format Version 12.00
# Visual Studio 2015
Project("{FAE04EC0-301F-11D3-BF4B-00C04F79EFBC}") = "memedieval.CSharp", "memedieval.CSharp.csproj", "{50DC342B-032F-08D0-259D-9B8702B24AE4}"
EndProject
Project("{FAE04EC0-301F-11D3-BF4B-00C04F79EFBC}") = "memedieval.CSharp.Plugins", "memedieval.CSharp.Plugins.csproj", "{8C322C24-81C8-9475-2DA3-5B07BD60CDB9}"
EndProject
Project("{FAE04EC0-301F-11D3-BF4B-00C04F79EFBC}") = "memedieval.CSharp.Editor.Plugins", "memedieval.CSharp.Editor.Plugins.csproj", "{671874EB-F913-5385-59EF-D93495F9648F}"
EndProject
Global
	GlobalSection(SolutionConfigurationPlatforms) = preSolution
		Debug|Any CPU = Debug|Any CPU
		Release|Any CPU = Release|Any CPU
	EndGlobalSection
	GlobalSection(ProjectConfigurationPlatforms) = postSolution
		{50DC342B-032F-08D0-259D-9B8702B24AE4}.Debug|Any CPU.ActiveCfg = Debug|Any CPU
		{50DC342B-032F-08D0-259D-9B8702B24AE4}.Debug|Any CPU.Build.0 = Debug|Any CPU
		{50DC342B-032F-08D0-259D-9B8702B24AE4}.Release|Any CPU.ActiveCfg = Release|Any CPU
		{50DC342B-032F-08D0-259D-9B8702B24AE4}.Release|Any CPU.Build.0 = Release|Any CPU
		{8C322C24-81C8-9475-2DA3-5B07BD60CDB9}.Debug|Any CPU.ActiveCfg = Debug|Any CPU
		{8C322C24-81C8-9475-2DA3-5B07BD60CDB9}.Debug|Any CPU.Build.0 = Debug|Any CPU
		{8C322C24-81C8-9475-2DA3-5B07BD60CDB9}.Release|Any CPU.ActiveCfg = Release|Any CPU
		{8C322C24-81C8-9475-2DA3-5B07BD60CDB9}.Release|Any CPU.Build.0 = Release|Any CPU
		{671874EB-F913-5385-59EF-D93495F9648F}.Debug|Any CPU.ActiveCfg = Debug|Any CPU
		{671874EB-F913-5385-59EF-D93495F9648F}.Debug|Any CPU.Build.0 = Debug|Any CPU
		{671874EB-F913-5385-59EF-D93495F9648F}.Release|Any CPU.ActiveCfg = Release|Any CPU
		{671874EB-F913-5385-59EF-D93495F9648F}.Release|Any CPU.Build.0 = Release|Any CPU
	EndGlobalSection
	GlobalSection(SolutionProperties) = preSolution
		HideSolutionNode = FALSE
	EndGlobalSection
EndGlobal
